PODS:
  - Crashlytics (3.10.1):
    - Fabric (~> 1.7.5)
  - DTModelStorage (7.0.2):
    - DTModelStorage/Core (= 7.0.2)
  - DTModelStorage/Core (7.0.2)
  - DTTableViewManager (6.1.0):
    - DTModelStorage (~> 7.0.0)
  - Fabric (1.7.6)
  - Globus/CoreFoundation/AttributedString (0.4.33):
    - Globus/CoreFoundation/Base
  - Globus/CoreFoundation/Base (0.4.33)
  - Globus/CoreFoundation/Dictionary (0.4.33):
    - Globus/CoreFoundation/String
  - Globus/CoreFoundation/String (0.4.33):
    - Globus/CoreFoundation/Base
  - Globus/TextStyle (0.4.33):
    - Globus/CoreFoundation/AttributedString
    - Globus/CoreFoundation/Dictionary
    - Globus/UIKit/Base
  - Globus/UIKit/Base (0.4.33):
    - Globus/CoreFoundation/Base
  - SnapKit (4.0.0)
  - SwiftHEXColors (1.1.1)
  - TTTAttributedLabel (2.0.0)

DEPENDENCIES:
  - Crashlytics
  - DTTableViewManager (~> 6.1)
  - Fabric
  - Globus/TextStyle
  - SnapKit (~> 4.0.0)
  - SwiftHEXColors
  - TTTAttributedLabel

SPEC REPOS:
  https://github.com/cocoapods/specs.git:
    - Crashlytics
    - DTModelStorage
    - DTTableViewManager
    - Fabric
    - Globus
    - SnapKit
    - SwiftHEXColors
    - TTTAttributedLabel

SPEC CHECKSUMS:
  Crashlytics: aee1a064cbbf99b32efa3f056a5f458d846bc8ff
  DTModelStorage: f6fd657d02fd544deb1b62b4048e9031f05b83a3
  DTTableViewManager: 3529da2d96e61743f36c654e126428604718f3f1
  Fabric: f8d42c893bb187326a7968b62abe55c36a987a46
  Globus: 2d1ffd787918d523159b7999c1b0512126e0c43a
  SnapKit: a42d492c16e80209130a3379f73596c3454b7694
  SwiftHEXColors: 9681e756dc78a99ae97f277165b3f5e33b087553
  TTTAttributedLabel: 8cffe8e127e4e82ff3af1e5386d4cd0ad000b656

PODFILE CHECKSUM: 56be08d04397a4b728a985f25521be19fe4771a7

COCOAPODS: 1.5.3
